
Microsoft Visual Studio Solution File, Format Version 12.00
Project("{FAE04EC0-301F-11D3-BF4B-00C04F79EFBC}") = "Lab3", "Lab3\Lab3.csproj", "{C480AB46-8544-4D38-BFFB-DC711B34A8A8}"
EndProject
Project("{FAE04EC0-301F-11D3-BF4B-00C04F79EFBC}") = "Lab4", "Lab4\Lab4.csproj", "{1002395A-AF18-4B99-BCB9-2C8A2EA9DEE6}"
EndProject
Project("{FAE04EC0-301F-11D3-BF4B-00C04F79EFBC}") = "Lab5", "Lab5\Lab5.csproj", "{17AF53C7-B3FA-46F4-A5BF-4585D5422E6D}"
EndProject
Project("{FAE04EC0-301F-11D3-BF4B-00C04F79EFBC}") = "Lab6", "Lab6\Lab6.csproj", "{243E4365-F3F9-4A66-A980-38B28AACF64C}"
EndProject
Project("{FAE04EC0-301F-11D3-BF4B-00C04F79EFBC}") = "Lab7", "Lab7\Lab7.csproj", "{391A87D3-E291-4818-8F67-C24B30046127}"
EndProject
Project("{FAE04EC0-301F-11D3-BF4B-00C04F79EFBC}") = "Bridge", "Bridge\Bridge.csproj", "{58ACEB7D-0B77-49B7-AF7B-ED211CE360CE}"
EndProject
Project("{FAE04EC0-301F-11D3-BF4B-00C04F79EFBC}") = "Composite", "Composite\Composite.csproj", "{20461A7A-C3A7-46F2-B76E-78A0684B50A2}"
EndProject
Project("{FAE04EC0-301F-11D3-BF4B-00C04F79EFBC}") = "Decorator", "Decorator\Decorator.csproj", "{9227B909-8C9C-4200-A0F6-B65551DE9585}"
EndProject
Project("{FAE04EC0-301F-11D3-BF4B-00C04F79EFBC}") = "Facade", "Facade\Facade.csproj", "{A7BACDB9-BAC9-4400-867D-E101574F7147}"
EndProject
Project("{FAE04EC0-301F-11D3-BF4B-00C04F79EFBC}") = "Flyweight", "Flyweight\Flyweight.csproj", "{82269979-8D07-49D9-ADD8-DCFE1FD9B97B}"
EndProject
Project("{FAE04EC0-301F-11D3-BF4B-00C04F79EFBC}") = "Proxy", "Proxy\Proxy.csproj", "{0BAB757E-20EE-4B95-8958-ED8D005C1E04}"
EndProject
Project("{FAE04EC0-301F-11D3-BF4B-00C04F79EFBC}") = "ChainOfResponsibility", "ChainOfResponsibility\ChainOfResponsibility.csproj", "{34A503D6-F387-4BD6-AC5B-19901721E275}"
EndProject
Project("{FAE04EC0-301F-11D3-BF4B-00C04F79EFBC}") = "Command", "Command\Command.csproj", "{851820D0-AEAB-41FF-93E8-F81E054C9847}"
EndProject
Project("{FAE04EC0-301F-11D3-BF4B-00C04F79EFBC}") = "Iterator", "Iterator\Iterator.csproj", "{D170201F-34C8-4474-B07E-EC9555F5002C}"
EndProject
Project("{FAE04EC0-301F-11D3-BF4B-00C04F79EFBC}") = "Mediator", "Mediator\Mediator.csproj", "{781F9961-69CE-4E41-BD29-4859AD125FBB}"
EndProject
Project("{FAE04EC0-301F-11D3-BF4B-00C04F79EFBC}") = "Memento", "Memento\Memento.csproj", "{C3097888-E530-466C-A4C1-BBDF84C9CAD6}"
EndProject
Project("{FAE04EC0-301F-11D3-BF4B-00C04F79EFBC}") = "Observer", "Observer\Observer.csproj", "{BDCC3F7A-DE5C-4EB3-B466-48116D87CF62}"
EndProject
Project("{FAE04EC0-301F-11D3-BF4B-00C04F79EFBC}") = "State", "State\State.csproj", "{0E993CD5-5833-43F4-8D94-9126849E8B28}"
EndProject
Project("{FAE04EC0-301F-11D3-BF4B-00C04F79EFBC}") = "Strategy", "Strategy\Strategy.csproj", "{2B4919B0-5A9F-452F-81BA-B7320E8DD009}"
EndProject
Project("{FAE04EC0-301F-11D3-BF4B-00C04F79EFBC}") = "Template", "Template\Template.csproj", "{152EA242-F1AE-45CB-9F9D-D9DC517C51F9}"
EndProject
Project("{FAE04EC0-301F-11D3-BF4B-00C04F79EFBC}") = "Visitor", "Visitor\Visitor.csproj", "{5CEC579B-1129-4F2D-AF96-B3D252D8E7BE}"
EndProject
Project("{FAE04EC0-301F-11D3-BF4B-00C04F79EFBC}") = "UniversityManagmentSingleton", "Singleton&Prototype\UniversityManagmentSingleton.csproj", "{F0BF4BA4-78DA-4759-BF02-1470E363F2D7}"
EndProject
Global
	GlobalSection(SolutionConfigurationPlatforms) = preSolution
		Debug|Any CPU = Debug|Any CPU
		Release|Any CPU = Release|Any CPU
	EndGlobalSection
	GlobalSection(ProjectConfigurationPlatforms) = postSolution
		{C480AB46-8544-4D38-BFFB-DC711B34A8A8}.Debug|Any CPU.ActiveCfg = Debug|Any CPU
		{C480AB46-8544-4D38-BFFB-DC711B34A8A8}.Debug|Any CPU.Build.0 = Debug|Any CPU
		{C480AB46-8544-4D38-BFFB-DC711B34A8A8}.Release|Any CPU.ActiveCfg = Release|Any CPU
		{C480AB46-8544-4D38-BFFB-DC711B34A8A8}.Release|Any CPU.Build.0 = Release|Any CPU
		{1002395A-AF18-4B99-BCB9-2C8A2EA9DEE6}.Debug|Any CPU.ActiveCfg = Debug|Any CPU
		{1002395A-AF18-4B99-BCB9-2C8A2EA9DEE6}.Debug|Any CPU.Build.0 = Debug|Any CPU
		{1002395A-AF18-4B99-BCB9-2C8A2EA9DEE6}.Release|Any CPU.ActiveCfg = Release|Any CPU
		{1002395A-AF18-4B99-BCB9-2C8A2EA9DEE6}.Release|Any CPU.Build.0 = Release|Any CPU
		{17AF53C7-B3FA-46F4-A5BF-4585D5422E6D}.Debug|Any CPU.ActiveCfg = Debug|Any CPU
		{17AF53C7-B3FA-46F4-A5BF-4585D5422E6D}.Debug|Any CPU.Build.0 = Debug|Any CPU
		{17AF53C7-B3FA-46F4-A5BF-4585D5422E6D}.Release|Any CPU.ActiveCfg = Release|Any CPU
		{17AF53C7-B3FA-46F4-A5BF-4585D5422E6D}.Release|Any CPU.Build.0 = Release|Any CPU
		{243E4365-F3F9-4A66-A980-38B28AACF64C}.Debug|Any CPU.ActiveCfg = Debug|Any CPU
		{243E4365-F3F9-4A66-A980-38B28AACF64C}.Debug|Any CPU.Build.0 = Debug|Any CPU
		{243E4365-F3F9-4A66-A980-38B28AACF64C}.Release|Any CPU.ActiveCfg = Release|Any CPU
		{243E4365-F3F9-4A66-A980-38B28AACF64C}.Release|Any CPU.Build.0 = Release|Any CPU
		{391A87D3-E291-4818-8F67-C24B30046127}.Debug|Any CPU.ActiveCfg = Debug|Any CPU
		{391A87D3-E291-4818-8F67-C24B30046127}.Debug|Any CPU.Build.0 = Debug|Any CPU
		{391A87D3-E291-4818-8F67-C24B30046127}.Release|Any CPU.ActiveCfg = Release|Any CPU
		{391A87D3-E291-4818-8F67-C24B30046127}.Release|Any CPU.Build.0 = Release|Any CPU
		{58ACEB7D-0B77-49B7-AF7B-ED211CE360CE}.Debug|Any CPU.ActiveCfg = Debug|Any CPU
		{58ACEB7D-0B77-49B7-AF7B-ED211CE360CE}.Debug|Any CPU.Build.0 = Debug|Any CPU
		{58ACEB7D-0B77-49B7-AF7B-ED211CE360CE}.Release|Any CPU.ActiveCfg = Release|Any CPU
		{58ACEB7D-0B77-49B7-AF7B-ED211CE360CE}.Release|Any CPU.Build.0 = Release|Any CPU
		{20461A7A-C3A7-46F2-B76E-78A0684B50A2}.Debug|Any CPU.ActiveCfg = Debug|Any CPU
		{20461A7A-C3A7-46F2-B76E-78A0684B50A2}.Debug|Any CPU.Build.0 = Debug|Any CPU
		{20461A7A-C3A7-46F2-B76E-78A0684B50A2}.Release|Any CPU.ActiveCfg = Release|Any CPU
		{20461A7A-C3A7-46F2-B76E-78A0684B50A2}.Release|Any CPU.Build.0 = Release|Any CPU
		{9227B909-8C9C-4200-A0F6-B65551DE9585}.Debug|Any CPU.ActiveCfg = Debug|Any CPU
		{9227B909-8C9C-4200-A0F6-B65551DE9585}.Debug|Any CPU.Build.0 = Debug|Any CPU
		{9227B909-8C9C-4200-A0F6-B65551DE9585}.Release|Any CPU.ActiveCfg = Release|Any CPU
		{9227B909-8C9C-4200-A0F6-B65551DE9585}.Release|Any CPU.Build.0 = Release|Any CPU
		{A7BACDB9-BAC9-4400-867D-E101574F7147}.Debug|Any CPU.ActiveCfg = Debug|Any CPU
		{A7BACDB9-BAC9-4400-867D-E101574F7147}.Debug|Any CPU.Build.0 = Debug|Any CPU
		{A7BACDB9-BAC9-4400-867D-E101574F7147}.Release|Any CPU.ActiveCfg = Release|Any CPU
		{A7BACDB9-BAC9-4400-867D-E101574F7147}.Release|Any CPU.Build.0 = Release|Any CPU
		{82269979-8D07-49D9-ADD8-DCFE1FD9B97B}.Debug|Any CPU.ActiveCfg = Debug|Any CPU
		{82269979-8D07-49D9-ADD8-DCFE1FD9B97B}.Debug|Any CPU.Build.0 = Debug|Any CPU
		{82269979-8D07-49D9-ADD8-DCFE1FD9B97B}.Release|Any CPU.ActiveCfg = Release|Any CPU
		{82269979-8D07-49D9-ADD8-DCFE1FD9B97B}.Release|Any CPU.Build.0 = Release|Any CPU
		{0BAB757E-20EE-4B95-8958-ED8D005C1E04}.Debug|Any CPU.ActiveCfg = Debug|Any CPU
		{0BAB757E-20EE-4B95-8958-ED8D005C1E04}.Debug|Any CPU.Build.0 = Debug|Any CPU
		{0BAB757E-20EE-4B95-8958-ED8D005C1E04}.Release|Any CPU.ActiveCfg = Release|Any CPU
		{0BAB757E-20EE-4B95-8958-ED8D005C1E04}.Release|Any CPU.Build.0 = Release|Any CPU
		{34A503D6-F387-4BD6-AC5B-19901721E275}.Debug|Any CPU.ActiveCfg = Debug|Any CPU
		{34A503D6-F387-4BD6-AC5B-19901721E275}.Debug|Any CPU.Build.0 = Debug|Any CPU
		{34A503D6-F387-4BD6-AC5B-19901721E275}.Release|Any CPU.ActiveCfg = Release|Any CPU
		{34A503D6-F387-4BD6-AC5B-19901721E275}.Release|Any CPU.Build.0 = Release|Any CPU
		{851820D0-AEAB-41FF-93E8-F81E054C9847}.Debug|Any CPU.ActiveCfg = Debug|Any CPU
		{851820D0-AEAB-41FF-93E8-F81E054C9847}.Debug|Any CPU.Build.0 = Debug|Any CPU
		{851820D0-AEAB-41FF-93E8-F81E054C9847}.Release|Any CPU.ActiveCfg = Release|Any CPU
		{851820D0-AEAB-41FF-93E8-F81E054C9847}.Release|Any CPU.Build.0 = Release|Any CPU
		{D170201F-34C8-4474-B07E-EC9555F5002C}.Debug|Any CPU.ActiveCfg = Debug|Any CPU
		{D170201F-34C8-4474-B07E-EC9555F5002C}.Debug|Any CPU.Build.0 = Debug|Any CPU
		{D170201F-34C8-4474-B07E-EC9555F5002C}.Release|Any CPU.ActiveCfg = Release|Any CPU
		{D170201F-34C8-4474-B07E-EC9555F5002C}.Release|Any CPU.Build.0 = Release|Any CPU
		{781F9961-69CE-4E41-BD29-4859AD125FBB}.Debug|Any CPU.ActiveCfg = Debug|Any CPU
		{781F9961-69CE-4E41-BD29-4859AD125FBB}.Debug|Any CPU.Build.0 = Debug|Any CPU
		{781F9961-69CE-4E41-BD29-4859AD125FBB}.Release|Any CPU.ActiveCfg = Release|Any CPU
		{781F9961-69CE-4E41-BD29-4859AD125FBB}.Release|Any CPU.Build.0 = Release|Any CPU
		{C3097888-E530-466C-A4C1-BBDF84C9CAD6}.Debug|Any CPU.ActiveCfg = Debug|Any CPU
		{C3097888-E530-466C-A4C1-BBDF84C9CAD6}.Debug|Any CPU.Build.0 = Debug|Any CPU
		{C3097888-E530-466C-A4C1-BBDF84C9CAD6}.Release|Any CPU.ActiveCfg = Release|Any CPU
		{C3097888-E530-466C-A4C1-BBDF84C9CAD6}.Release|Any CPU.Build.0 = Release|Any CPU
		{BDCC3F7A-DE5C-4EB3-B466-48116D87CF62}.Debug|Any CPU.ActiveCfg = Debug|Any CPU
		{BDCC3F7A-DE5C-4EB3-B466-48116D87CF62}.Debug|Any CPU.Build.0 = Debug|Any CPU
		{BDCC3F7A-DE5C-4EB3-B466-48116D87CF62}.Release|Any CPU.ActiveCfg = Release|Any CPU
		{BDCC3F7A-DE5C-4EB3-B466-48116D87CF62}.Release|Any CPU.Build.0 = Release|Any CPU
		{0E993CD5-5833-43F4-8D94-9126849E8B28}.Debug|Any CPU.ActiveCfg = Debug|Any CPU
		{0E993CD5-5833-43F4-8D94-9126849E8B28}.Debug|Any CPU.Build.0 = Debug|Any CPU
		{0E993CD5-5833-43F4-8D94-9126849E8B28}.Release|Any CPU.ActiveCfg = Release|Any CPU
		{0E993CD5-5833-43F4-8D94-9126849E8B28}.Release|Any CPU.Build.0 = Release|Any CPU
		{2B4919B0-5A9F-452F-81BA-B7320E8DD009}.Debug|Any CPU.ActiveCfg = Debug|Any CPU
		{2B4919B0-5A9F-452F-81BA-B7320E8DD009}.Debug|Any CPU.Build.0 = Debug|Any CPU
		{2B4919B0-5A9F-452F-81BA-B7320E8DD009}.Release|Any CPU.ActiveCfg = Release|Any CPU
		{2B4919B0-5A9F-452F-81BA-B7320E8DD009}.Release|Any CPU.Build.0 = Release|Any CPU
		{152EA242-F1AE-45CB-9F9D-D9DC517C51F9}.Debug|Any CPU.ActiveCfg = Debug|Any CPU
		{152EA242-F1AE-45CB-9F9D-D9DC517C51F9}.Debug|Any CPU.Build.0 = Debug|Any CPU
		{152EA242-F1AE-45CB-9F9D-D9DC517C51F9}.Release|Any CPU.ActiveCfg = Release|Any CPU
		{152EA242-F1AE-45CB-9F9D-D9DC517C51F9}.Release|Any CPU.Build.0 = Release|Any CPU
		{5CEC579B-1129-4F2D-AF96-B3D252D8E7BE}.Debug|Any CPU.ActiveCfg = Debug|Any CPU
		{5CEC579B-1129-4F2D-AF96-B3D252D8E7BE}.Debug|Any CPU.Build.0 = Debug|Any CPU
		{5CEC579B-1129-4F2D-AF96-B3D252D8E7BE}.Release|Any CPU.ActiveCfg = Release|Any CPU
		{5CEC579B-1129-4F2D-AF96-B3D252D8E7BE}.Release|Any CPU.Build.0 = Release|Any CPU
		{F0BF4BA4-78DA-4759-BF02-1470E363F2D7}.Debug|Any CPU.ActiveCfg = Debug|Any CPU
		{F0BF4BA4-78DA-4759-BF02-1470E363F2D7}.Debug|Any CPU.Build.0 = Debug|Any CPU
		{F0BF4BA4-78DA-4759-BF02-1470E363F2D7}.Release|Any CPU.ActiveCfg = Release|Any CPU
		{F0BF4BA4-78DA-4759-BF02-1470E363F2D7}.Release|Any CPU.Build.0 = Release|Any CPU
	EndGlobalSection
EndGlobal
